
Microsoft Visual Studio Solution File, Format Version 12.00
Project("{FAE04EC0-301F-11D3-BF4B-00C04F79EFBC}") = "sppLab1", "sppLab1\sppLab1.csproj", "{81725389-C2CD-466D-9EDE-D31E6F09C014}"
EndProject
Project("{FAE04EC0-301F-11D3-BF4B-00C04F79EFBC}") = "sppLab1z2", "sppLab1z2\sppLab1z2.csproj", "{AF6DA3D2-CBF0-49DC-A848-61A325A6D283}"
EndProject
Project("{FAE04EC0-301F-11D3-BF4B-00C04F79EFBC}") = "sppLab1z3", "sppLab1z3\sppLab1z3.csproj", "{FC3929B7-84BB-4282-A606-98D102C63B3C}"
EndProject
Global
	GlobalSection(SolutionConfigurationPlatforms) = preSolution
		Debug|Any CPU = Debug|Any CPU
		Release|Any CPU = Release|Any CPU
	EndGlobalSection
	GlobalSection(ProjectConfigurationPlatforms) = postSolution
		{81725389-C2CD-466D-9EDE-D31E6F09C014}.Debug|Any CPU.ActiveCfg = Debug|Any CPU
		{81725389-C2CD-466D-9EDE-D31E6F09C014}.Debug|Any CPU.Build.0 = Debug|Any CPU
		{81725389-C2CD-466D-9EDE-D31E6F09C014}.Release|Any CPU.ActiveCfg = Release|Any CPU
		{81725389-C2CD-466D-9EDE-D31E6F09C014}.Release|Any CPU.Build.0 = Release|Any CPU
		{AF6DA3D2-CBF0-49DC-A848-61A325A6D283}.Debug|Any CPU.ActiveCfg = Debug|Any CPU
		{AF6DA3D2-CBF0-49DC-A848-61A325A6D283}.Debug|Any CPU.Build.0 = Debug|Any CPU
		{AF6DA3D2-CBF0-49DC-A848-61A325A6D283}.Release|Any CPU.ActiveCfg = Release|Any CPU
		{AF6DA3D2-CBF0-49DC-A848-61A325A6D283}.Release|Any CPU.Build.0 = Release|Any CPU
		{FC3929B7-84BB-4282-A606-98D102C63B3C}.Debug|Any CPU.ActiveCfg = Debug|Any CPU
		{FC3929B7-84BB-4282-A606-98D102C63B3C}.Debug|Any CPU.Build.0 = Debug|Any CPU
		{FC3929B7-84BB-4282-A606-98D102C63B3C}.Release|Any CPU.ActiveCfg = Release|Any CPU
		{FC3929B7-84BB-4282-A606-98D102C63B3C}.Release|Any CPU.Build.0 = Release|Any CPU
	EndGlobalSection
EndGlobal
